// !$*UTF8*$!
{
	archiveVersion = 1;
	classes = {
	};
	objectVersion = 50;
	objects = {

/* Begin PBXBuildFile section */
		D4F70F3D226198DC001EC235 /* AppDelegate.swift in Sources */ = {isa = PBXBuildFile; fileRef = D4F70F3C226198DC001EC235 /* AppDelegate.swift */; };
		D4F70F3F226198DC001EC235 /* ViewController.swift in Sources */ = {isa = PBXBuildFile; fileRef = D4F70F3E226198DC001EC235 /* ViewController.swift */; };
		D4F70F42226198DC001EC235 /* Main.storyboard in Resources */ = {isa = PBXBuildFile; fileRef = D4F70F40226198DC001EC235 /* Main.storyboard */; };
		D4F70F44226198DD001EC235 /* Assets.xcassets in Resources */ = {isa = PBXBuildFile; fileRef = D4F70F43226198DD001EC235 /* Assets.xcassets */; };
		D4F70F47226198DD001EC235 /* LaunchScreen.storyboard in Resources */ = {isa = PBXBuildFile; fileRef = D4F70F45226198DD001EC235 /* LaunchScreen.storyboard */; };
		D4F70F52226198DD001EC235 /* project1Tests.swift in Sources */ = {isa = PBXBuildFile; fileRef = D4F70F51226198DD001EC235 /* project1Tests.swift */; };
		D4F70F5D226198DD001EC235 /* project1UITests.swift in Sources */ = {isa = PBXBuildFile; fileRef = D4F70F5C226198DD001EC235 /* project1UITests.swift */; };
/* End PBXBuildFile section */

/* Begin PBXContainerItemProxy section */
		D4F70F4E226198DD001EC235 /* PBXContainerItemProxy */ = {
			isa = PBXContainerItemProxy;
			containerPortal = D4F70F31226198DC001EC235 /* Project object */;
			proxyType = 1;
			remoteGlobalIDString = D4F70F38226198DC001EC235;
			remoteInfo = project1;
		};
		D4F70F59226198DD001EC235 /* PBXContainerItemProxy */ = {
			isa = PBXContainerItemProxy;
			containerPortal = D4F70F31226198DC001EC235 /* Project object */;
			proxyType = 1;
			remoteGlobalIDString = D4F70F38226198DC001EC235;
			remoteInfo = project1;
		};
/* End PBXContainerItemProxy section */

/* Begin PBXFileReference section */
		D4F70F39226198DC001EC235 /* project1.app */ = {isa = PBXFileReference; explicitFileType = wrapper.application; includeInIndex = 0; path = project1.app; sourceTree = BUILT_PRODUCTS_DIR; };
		D4F70F3C226198DC001EC235 /* AppDelegate.swift */ = {isa = PBXFileReference; lastKnownFileType = sourcecode.swift; path = AppDelegate.swift; sourceTree = "<group>"; };
		D4F70F3E226198DC001EC235 /* ViewController.swift */ = {isa = PBXFileReference; lastKnownFileType = sourcecode.swift; path = ViewController.swift; sourceTree = "<group>"; };
		D4F70F41226198DC001EC235 /* Base */ = {isa = PBXFileReference; lastKnownFileType = file.storyboard; name = Base; path = Base.lproj/Main.storyboard; sourceTree = "<group>"; };
		D4F70F43226198DD001EC235 /* Assets.xcassets */ = {isa = PBXFileReference; lastKnownFileType = folder.assetcatalog; path = Assets.xcassets; sourceTree = "<group>"; };
		D4F70F46226198DD001EC235 /* Base */ = {isa = PBXFileReference; lastKnownFileType = file.storyboard; name = Base; path = Base.lproj/LaunchScreen.storyboard; sourceTree = "<group>"; };
		D4F70F48226198DD001EC235 /* Info.plist */ = {isa = PBXFileReference; lastKnownFileType = text.plist.xml; path = Info.plist; sourceTree = "<group>"; };
		D4F70F4D226198DD001EC235 /* project1Tests.xctest */ = {isa = PBXFileReference; explicitFileType = wrapper.cfbundle; includeInIndex = 0; path = project1Tests.xctest; sourceTree = BUILT_PRODUCTS_DIR; };
		D4F70F51226198DD001EC235 /* project1Tests.swift */ = {isa = PBXFileReference; lastKnownFileType = sourcecode.swift; path = project1Tests.swift; sourceTree = "<group>"; };
		D4F70F53226198DD001EC235 /* Info.plist */ = {isa = PBXFileReference; lastKnownFileType = text.plist.xml; path = Info.plist; sourceTree = "<group>"; };
		D4F70F58226198DD001EC235 /* project1UITests.xctest */ = {isa = PBXFileReference; explicitFileType = wrapper.cfbundle; includeInIndex = 0; path = project1UITests.xctest; sourceTree = BUILT_PRODUCTS_DIR; };
		D4F70F5C226198DD001EC235 /* project1UITests.swift */ = {isa = PBXFileReference; lastKnownFileType = sourcecode.swift; path = project1UITests.swift; sourceTree = "<group>"; };
		D4F70F5E226198DD001EC235 /* Info.plist */ = {isa = PBXFileReference; lastKnownFileType = text.plist.xml; path = Info.plist; sourceTree = "<group>"; };
/* End PBXFileReference section */

/* Begin PBXFrameworksBuildPhase section */
		D4F70F36226198DC001EC235 /* Frameworks */ = {
			isa = PBXFrameworksBuildPhase;
			buildActionMask = 2147483647;
			files = (
			);
			runOnlyForDeploymentPostprocessing = 0;
		};
		D4F70F4A226198DD001EC235 /* Frameworks */ = {
			isa = PBXFrameworksBuildPhase;
			buildActionMask = 2147483647;
			files = (
			);
			runOnlyForDeploymentPostprocessing = 0;
		};
		D4F70F55226198DD001EC235 /* Frameworks */ = {
			isa = PBXFrameworksBuildPhase;
			buildActionMask = 2147483647;
			files = (
			);
			runOnlyForDeploymentPostprocessing = 0;
		};
/* End PBXFrameworksBuildPhase section */

/* Begin PBXGroup section */
		D4F70F30226198DC001EC235 = {
			isa = PBXGroup;
			children = (
				D4F70F3B226198DC001EC235 /* project1 */,
				D4F70F50226198DD001EC235 /* project1Tests */,
				D4F70F5B226198DD001EC235 /* project1UITests */,
				D4F70F3A226198DC001EC235 /* Products */,
			);
			sourceTree = "<group>";
		};
		D4F70F3A226198DC001EC235 /* Products */ = {
			isa = PBXGroup;
			children = (
				D4F70F39226198DC001EC235 /* project1.app */,
				D4F70F4D226198DD001EC235 /* project1Tests.xctest */,
				D4F70F58226198DD001EC235 /* project1UITests.xctest */,
			);
			name = Products;
			sourceTree = "<group>";
		};
		D4F70F3B226198DC001EC235 /* project1 */ = {
			isa = PBXGroup;
			children = (
				D4F70F3C226198DC001EC235 /* AppDelegate.swift */,
				D4F70F3E226198DC001EC235 /* ViewController.swift */,
				D4F70F40226198DC001EC235 /* Main.storyboard */,
				D4F70F43226198DD001EC235 /* Assets.xcassets */,
				D4F70F45226198DD001EC235 /* LaunchScreen.storyboard */,
				D4F70F48226198DD001EC235 /* Info.plist */,
			);
			path = project1;
			sourceTree = "<group>";
		};
		D4F70F50226198DD001EC235 /* project1Tests */ = {
			isa = PBXGroup;
			children = (
				D4F70F51226198DD001EC235 /* project1Tests.swift */,
				D4F70F53226198DD001EC235 /* Info.plist */,
			);
			path = project1Tests;
			sourceTree = "<group>";
		};
		D4F70F5B226198DD001EC235 /* project1UITests */ = {
			isa = PBXGroup;
			children = (
				D4F70F5C226198DD001EC235 /* project1UITests.swift */,
				D4F70F5E226198DD001EC235 /* Info.plist */,
			);
			path = project1UITests;
			sourceTree = "<group>";
		};
/* End PBXGroup section */

/* Begin PBXNativeTarget section */
		D4F70F38226198DC001EC235 /* project1 */ = {
			isa = PBXNativeTarget;
			buildConfigurationList = D4F70F61226198DD001EC235 /* Build configuration list for PBXNativeTarget "project1" */;
			buildPhases = (
				D4F70F35226198DC001EC235 /* Sources */,
				D4F70F36226198DC001EC235 /* Frameworks */,
				D4F70F37226198DC001EC235 /* Resources */,
			);
			buildRules = (
			);
			dependencies = (
			);
			name = project1;
			productName = project1;
			productReference = D4F70F39226198DC001EC235 /* project1.app */;
			productType = "com.apple.product-type.application";
		};
		D4F70F4C226198DD001EC235 /* project1Tests */ = {
			isa = PBXNativeTarget;
			buildConfigurationList = D4F70F64226198DD001EC235 /* Build configuration list for PBXNativeTarget "project1Tests" */;
			buildPhases = (
				D4F70F49226198DD001EC235 /* Sources */,
				D4F70F4A226198DD001EC235 /* Frameworks */,
				D4F70F4B226198DD001EC235 /* Resources */,
			);
			buildRules = (
			);
			dependencies = (
				D4F70F4F226198DD001EC235 /* PBXTargetDependency */,
			);
			name = project1Tests;
			productName = project1Tests;
			productReference = D4F70F4D226198DD001EC235 /* project1Tests.xctest */;
			productType = "com.apple.product-type.bundle.unit-test";
		};
		D4F70F57226198DD001EC235 /* project1UITests */ = {
			isa = PBXNativeTarget;
			buildConfigurationList = D4F70F67226198DD001EC235 /* Build configuration list for PBXNativeTarget "project1UITests" */;
			buildPhases = (
				D4F70F54226198DD001EC235 /* Sources */,
				D4F70F55226198DD001EC235 /* Frameworks */,
				D4F70F56226198DD001EC235 /* Resources */,
			);
			buildRules = (
			);
			dependencies = (
				D4F70F5A226198DD001EC235 /* PBXTargetDependency */,
			);
			name = project1UITests;
			productName = project1UITests;
			productReference = D4F70F58226198DD001EC235 /* project1UITests.xctest */;
			productType = "com.apple.product-type.bundle.ui-testing";
		};
/* End PBXNativeTarget section */

/* Begin PBXProject section */
		D4F70F31226198DC001EC235 /* Project object */ = {
			isa = PBXProject;
			attributes = {
				LastSwiftUpdateCheck = 1010;
				LastUpgradeCheck = 1010;
				ORGANIZATIONNAME = "Rosalie Ma";
				TargetAttributes = {
					D4F70F38226198DC001EC235 = {
						CreatedOnToolsVersion = 10.1;
					};
					D4F70F4C226198DD001EC235 = {
						CreatedOnToolsVersion = 10.1;
						TestTargetID = D4F70F38226198DC001EC235;
					};
					D4F70F57226198DD001EC235 = {
						CreatedOnToolsVersion = 10.1;
						TestTargetID = D4F70F38226198DC001EC235;
					};
				};
			};
			buildConfigurationList = D4F70F34226198DC001EC235 /* Build configuration list for PBXProject "project1" */;
			compatibilityVersion = "Xcode 9.3";
			developmentRegion = en;
			hasScannedForEncodings = 0;
			knownRegions = (
				en,
				Base,
			);
			mainGroup = D4F70F30226198DC001EC235;
			productRefGroup = D4F70F3A226198DC001EC235 /* Products */;
			projectDirPath = "";
			projectRoot = "";
			targets = (
				D4F70F38226198DC001EC235 /* project1 */,
				D4F70F4C226198DD001EC235 /* project1Tests */,
				D4F70F57226198DD001EC235 /* project1UITests */,
			);
		};
/* End PBXProject section */

/* Begin PBXResourcesBuildPhase section */
		D4F70F37226198DC001EC235 /* Resources */ = {
			isa = PBXResourcesBuildPhase;
			buildActionMask = 2147483647;
			files = (
				D4F70F47226198DD001EC235 /* LaunchScreen.storyboard in Resources */,
				D4F70F44226198DD001EC235 /* Assets.xcassets in Resources */,
				D4F70F42226198DC001EC235 /* Main.storyboard in Resources */,
			);
			runOnlyForDeploymentPostprocessing = 0;
		};
		D4F70F4B226198DD001EC235 /* Resources */ = {
			isa = PBXResourcesBuildPhase;
			buildActionMask = 2147483647;
			files = (
			);
			runOnlyForDeploymentPostprocessing = 0;
		};
		D4F70F56226198DD001EC235 /* Resources */ = {
			isa = PBXResourcesBuildPhase;
			buildActionMask = 2147483647;
			files = (
			);
			runOnlyForDeploymentPostprocessing = 0;
		};
/* End PBXResourcesBuildPhase section */

/* Begin PBXSourcesBuildPhase section */
		D4F70F35226198DC001EC235 /* Sources */ = {
			isa = PBXSourcesBuildPhase;
			buildActionMask = 2147483647;
			files = (
				D4F70F3F226198DC001EC235 /* ViewController.swift in Sources */,
				D4F70F3D226198DC001EC235 /* AppDelegate.swift in Sources */,
			);
			runOnlyForDeploymentPostprocessing = 0;
		};
		D4F70F49226198DD001EC235 /* Sources */ = {
			isa = PBXSourcesBuildPhase;
			buildActionMask = 2147483647;
			files = (
				D4F70F52226198DD001EC235 /* project1Tests.swift in Sources */,
			);
			runOnlyForDeploymentPostprocessing = 0;
		};
		D4F70F54226198DD001EC235 /* Sources */ = {
			isa = PBXSourcesBuildPhase;
			buildActionMask = 2147483647;
			files = (
				D4F70F5D226198DD001EC235 /* project1UITests.swift in Sources */,
			);
			runOnlyForDeploymentPostprocessing = 0;
		};
/* End PBXSourcesBuildPhase section */

/* Begin PBXTargetDependency section */
		D4F70F4F226198DD001EC235 /* PBXTargetDependency */ = {
			isa = PBXTargetDependency;
			target = D4F70F38226198DC001EC235 /* project1 */;
			targetProxy = D4F70F4E226198DD001EC235 /* PBXContainerItemProxy */;
		};
		D4F70F5A226198DD001EC235 /* PBXTargetDependency */ = {
			isa = PBXTargetDependency;
			target = D4F70F38226198DC001EC235 /* project1 */;
			targetProxy = D4F70F59226198DD001EC235 /* PBXContainerItemProxy */;
		};
/* End PBXTargetDependency section */

/* Begin PBXVariantGroup section */
		D4F70F40226198DC001EC235 /* Main.storyboard */ = {
			isa = PBXVariantGroup;
			children = (
				D4F70F41226198DC001EC235 /* Base */,
			);
			name = Main.storyboard;
			sourceTree = "<group>";
		};
		D4F70F45226198DD001EC235 /* LaunchScreen.storyboard */ = {
			isa = PBXVariantGroup;
			children = (
				D4F70F46226198DD001EC235 /* Base */,
			);
			name = LaunchScreen.storyboard;
			sourceTree = "<group>";
		};
/* End PBXVariantGroup section */

/* Begin XCBuildConfiguration section */
		D4F70F5F226198DD001EC235 /* Debug */ = {
			isa = XCBuildConfiguration;
			buildSettings = {
				ALWAYS_SEARCH_USER_PATHS = NO;
				CLANG_ANALYZER_NONNULL = YES;
				CLANG_ANALYZER_NUMBER_OBJECT_CONVERSION = YES_AGGRESSIVE;
				CLANG_CXX_LANGUAGE_STANDARD = "gnu++14";
				CLANG_CXX_LIBRARY = "libc++";
				CLANG_ENABLE_MODULES = YES;
				CLANG_ENABLE_OBJC_ARC = YES;
				CLANG_ENABLE_OBJC_WEAK = YES;
				CLANG_WARN_BLOCK_CAPTURE_AUTORELEASING = YES;
				CLANG_WARN_BOOL_CONVERSION = YES;
				CLANG_WARN_COMMA = YES;
				CLANG_WARN_CONSTANT_CONVERSION = YES;
				CLANG_WARN_DEPRECATED_OBJC_IMPLEMENTATIONS = YES;
				CLANG_WARN_DIRECT_OBJC_ISA_USAGE = YES_ERROR;
				CLANG_WARN_DOCUMENTATION_COMMENTS = YES;
				CLANG_WARN_EMPTY_BODY = YES;
				CLANG_WARN_ENUM_CONVERSION = YES;
				CLANG_WARN_INFINITE_RECURSION = YES;
				CLANG_WARN_INT_CONVERSION = YES;
				CLANG_WARN_NON_LITERAL_NULL_CONVERSION = YES;
				CLANG_WARN_OBJC_IMPLICIT_RETAIN_SELF = YES;
				CLANG_WARN_OBJC_LITERAL_CONVERSION = YES;
				CLANG_WARN_OBJC_ROOT_CLASS = YES_ERROR;
				CLANG_WARN_RANGE_LOOP_ANALYSIS = YES;
				CLANG_WARN_STRICT_PROTOTYPES = YES;
				CLANG_WARN_SUSPICIOUS_MOVE = YES;
				CLANG_WARN_UNGUARDED_AVAILABILITY = YES_AGGRESSIVE;
				CLANG_WARN_UNREACHABLE_CODE = YES;
				CLANG_WARN__DUPLICATE_METHOD_MATCH = YES;
				CODE_SIGN_IDENTITY = "iPhone Developer";
				COPY_PHASE_STRIP = NO;
				DEBUG_INFORMATION_FORMAT = dwarf;
				ENABLE_STRICT_OBJC_MSGSEND = YES;
				ENABLE_TESTABILITY = YES;
				GCC_C_LANGUAGE_STANDARD = gnu11;
				GCC_DYNAMIC_NO_PIC = NO;
				GCC_NO_COMMON_BLOCKS = YES;
				GCC_OPTIMIZATION_LEVEL = 0;
				GCC_PREPROCESSOR_DEFINITIONS = (
					"DEBUG=1",
					"$(inherited)",
				);
				GCC_WARN_64_TO_32_BIT_CONVERSION = YES;
				GCC_WARN_ABOUT_RETURN_TYPE = YES_ERROR;
				GCC_WARN_UNDECLARED_SELECTOR = YES;
				GCC_WARN_UNINITIALIZED_AUTOS = YES_AGGRESSIVE;
				GCC_WARN_UNUSED_FUNCTION = YES;
				GCC_WARN_UNUSED_VARIABLE = YES;
				IPHONEOS_DEPLOYMENT_TARGET = 12.1;
				MTL_ENABLE_DEBUG_INFO = INCLUDE_SOURCE;
				MTL_FAST_MATH = YES;
				ONLY_ACTIVE_ARCH = YES;
				SDKROOT = iphoneos;
				SWIFT_ACTIVE_COMPILATION_CONDITIONS = DEBUG;
				SWIFT_OPTIMIZATION_LEVEL = "-Onone";
			};
			name = Debug;
		};
		D4F70F60226198DD001EC235 /* Release */ = {
			isa = XCBuildConfiguration;
			buildSettings = {
				ALWAYS_SEARCH_USER_PATHS = NO;
				CLANG_ANALYZER_NONNULL = YES;
				CLANG_ANALYZER_NUMBER_OBJECT_CONVERSION = YES_AGGRESSIVE;
				CLANG_CXX_LANGUAGE_STANDARD = "gnu++14";
				CLANG_CXX_LIBRARY = "libc++";
				CLANG_ENABLE_MODULES = YES;
				CLANG_ENABLE_OBJC_ARC = YES;
				CLANG_ENABLE_OBJC_WEAK = YES;
				CLANG_WARN_BLOCK_CAPTURE_AUTORELEASING = YES;
				CLANG_WARN_BOOL_CONVERSION = YES;
				CLANG_WARN_COMMA = YES;
				CLANG_WARN_CONSTANT_CONVERSION = YES;
				CLANG_WARN_DEPRECATED_OBJC_IMPLEMENTATIONS = YES;
				CLANG_WARN_DIRECT_OBJC_ISA_USAGE = YES_ERROR;
				CLANG_WARN_DOCUMENTATION_COMMENTS = YES;
				CLANG_WARN_EMPTY_BODY = YES;
				CLANG_WARN_ENUM_CONVERSION = YES;
				CLANG_WARN_INFINITE_RECURSION = YES;
				CLANG_WARN_INT_CONVERSION = YES;
				CLANG_WARN_NON_LITERAL_NULL_CONVERSION = YES;
				CLANG_WARN_OBJC_IMPLICIT_RETAIN_SELF = YES;
				CLANG_WARN_OBJC_LITERAL_CONVERSION = YES;
				CLANG_WARN_OBJC_ROOT_CLASS = YES_ERROR;
				CLANG_WARN_RANGE_LOOP_ANALYSIS = YES;
				CLANG_WARN_STRICT_PROTOTYPES = YES;
				CLANG_WARN_SUSPICIOUS_MOVE = YES;
				CLANG_WARN_UNGUARDED_AVAILABILITY = YES_AGGRESSIVE;
				CLANG_WARN_UNREACHABLE_CODE = YES;
				CLANG_WARN__DUPLICATE_METHOD_MATCH = YES;
				CODE_SIGN_IDENTITY = "iPhone Developer";
				COPY_PHASE_STRIP = NO;
				DEBUG_INFORMATION_FORMAT = "dwarf-with-dsym";
				ENABLE_NS_ASSERTIONS = NO;
				ENABLE_STRICT_OBJC_MSGSEND = YES;
				GCC_C_LANGUAGE_STANDARD = gnu11;
				GCC_NO_COMMON_BLOCKS = YES;
				GCC_WARN_64_TO_32_BIT_CONVERSION = YES;
				GCC_WARN_ABOUT_RETURN_TYPE = YES_ERROR;
				GCC_WARN_UNDECLARED_SELECTOR = YES;
				GCC_WARN_UNINITIALIZED_AUTOS = YES_AGGRESSIVE;
				GCC_WARN_UNUSED_FUNCTION = YES;
				GCC_WARN_UNUSED_VARIABLE = YES;
				IPHONEOS_DEPLOYMENT_TARGET = 12.1;
				MTL_ENABLE_DEBUG_INFO = NO;
				MTL_FAST_MATH = YES;
				SDKROOT = iphoneos;
				SWIFT_COMPILATION_MODE = wholemodule;
				SWIFT_OPTIMIZATION_LEVEL = "-O";
				VALIDATE_PRODUCT = YES;
			};
			name = Release;
		};
		D4F70F62226198DD001EC235 /* Debug */ = {
			isa = XCBuildConfiguration;
			buildSettings = {
				ASSETCATALOG_COMPILER_APPICON_NAME = AppIcon;
				CODE_SIGN_STYLE = Automatic;
				DEVELOPMENT_TEAM = HJ296UJVG2;
				INFOPLIST_FILE = project1/Info.plist;
				LD_RUNPATH_SEARCH_PATHS = (
					"$(inherited)",
					"@executable_path/Frameworks",
				);
				PRODUCT_BUNDLE_IDENTIFIER = xiweihp.project1;
				PRODUCT_NAME = "$(TARGET_NAME)";
				SWIFT_VERSION = 4.2;
				TARGETED_DEVICE_FAMILY = "1,2";
			};
			name = Debug;
		};
		D4F70F63226198DD001EC235 /* Release */ = {
			isa = XCBuildConfiguration;
			buildSettings = {
				ASSETCATALOG_COMPILER_APPICON_NAME = AppIcon;
				CODE_SIGN_STYLE = Automatic;
				DEVELOPMENT_TEAM = HJ296UJVG2;
				INFOPLIST_FILE = project1/Info.plist;
				LD_RUNPATH_SEARCH_PATHS = (
					"$(inherited)",
					"@executable_path/Frameworks",
				);
				PRODUCT_BUNDLE_IDENTIFIER = xiweihp.project1;
				PRODUCT_NAME = "$(TARGET_NAME)";
				SWIFT_VERSION = 4.2;
				TARGETED_DEVICE_FAMILY = "1,2";
			};
			name = Release;
		};
		D4F70F65226198DD001EC235 /* Debug */ = {
			isa = XCBuildConfiguration;
			buildSettings = {
				ALWAYS_EMBED_SWIFT_STANDARD_LIBRARIES = YES;
				BUNDLE_LOADER = "$(TEST_HOST)";
				CODE_SIGN_STYLE = Automatic;
				DEVELOPMENT_TEAM = HJ296UJVG2;
				INFOPLIST_FILE = project1Tests/Info.plist;
				LD_RUNPATH_SEARCH_PATHS = (
					"$(inherited)",
					"@executable_path/Frameworks",
					"@loader_path/Frameworks",
				);
				PRODUCT_BUNDLE_IDENTIFIER = xiweihp.project1Tests;
				PRODUCT_NAME = "$(TARGET_NAME)";
				SWIFT_VERSION = 4.2;
				TARGETED_DEVICE_FAMILY = "1,2";
				TEST_HOST = "$(BUILT_PRODUCTS_DIR)/project1.app/project1";
			};
			name = Debug;
		};
		D4F70F66226198DD001EC235 /* Release */ = {
			isa = XCBuildConfiguration;
			buildSettings = {
				ALWAYS_EMBED_SWIFT_STANDARD_LIBRARIES = YES;
				BUNDLE_LOADER = "$(TEST_HOST)";
				CODE_SIGN_STYLE = Automatic;
				DEVELOPMENT_TEAM = HJ296UJVG2;
				INFOPLIST_FILE = project1Tests/Info.plist;
				LD_RUNPATH_SEARCH_PATHS = (
					"$(inherited)",
					"@executable_path/Frameworks",
					"@loader_path/Frameworks",
				);
				PRODUCT_BUNDLE_IDENTIFIER = xiweihp.project1Tests;
				PRODUCT_NAME = "$(TARGET_NAME)";
				SWIFT_VERSION = 4.2;
				TARGETED_DEVICE_FAMILY = "1,2";
				TEST_HOST = "$(BUILT_PRODUCTS_DIR)/project1.app/project1";
			};
			name = Release;
		};
		D4F70F68226198DD001EC235 /* Debug */ = {
			isa = XCBuildConfiguration;
			buildSettings = {
				ALWAYS_EMBED_SWIFT_STANDARD_LIBRARIES = YES;
				CODE_SIGN_STYLE = Automatic;
				DEVELOPMENT_TEAM = HJ296UJVG2;
				INFOPLIST_FILE = project1UITests/Info.plist;
				LD_RUNPATH_SEARCH_PATHS = (
					"$(inherited)",
					"@executable_path/Frameworks",
					"@loader_path/Frameworks",
				);
				PRODUCT_BUNDLE_IDENTIFIER = xiweihp.project1UITests;
				PRODUCT_NAME = "$(TARGET_NAME)";
				SWIFT_VERSION = 4.2;
				TARGETED_DEVICE_FAMILY = "1,2";
				TEST_TARGET_NAME = project1;
			};
			name = Debug;
		};
		D4F70F69226198DD001EC235 /* Release */ = {
			isa = XCBuildConfiguration;
			buildSettings = {
				ALWAYS_EMBED_SWIFT_STANDARD_LIBRARIES = YES;
				CODE_SIGN_STYLE = Automatic;
				DEVELOPMENT_TEAM = HJ296UJVG2;
				INFOPLIST_FILE = project1UITests/Info.plist;
				LD_RUNPATH_SEARCH_PATHS = (
					"$(inherited)",
					"@executable_path/Frameworks",
					"@loader_path/Frameworks",
				);
				PRODUCT_BUNDLE_IDENTIFIER = xiweihp.project1UITests;
				PRODUCT_NAME = "$(TARGET_NAME)";
				SWIFT_VERSION = 4.2;
				TARGETED_DEVICE_FAMILY = "1,2";
				TEST_TARGET_NAME = project1;
			};
			name = Release;
		};
/* End XCBuildConfiguration section */

/* Begin XCConfigurationList section */
		D4F70F34226198DC001EC235 /* Build configuration list for PBXProject "project1" */ = {
			isa = XCConfigurationList;
			buildConfigurations = (
				D4F70F5F226198DD001EC235 /* Debug */,
				D4F70F60226198DD001EC235 /* Release */,
			);
			defaultConfigurationIsVisible = 0;
			defaultConfigurationName = Release;
		};
		D4F70F61226198DD001EC235 /* Build configuration list for PBXNativeTarget "project1" */ = {
			isa = XCConfigurationList;
			buildConfigurations = (
				D4F70F62226198DD001EC235 /* Debug */,
				D4F70F63226198DD001EC235 /* Release */,
			);
			defaultConfigurationIsVisible = 0;
			defaultConfigurationName = Release;
		};
		D4F70F64226198DD001EC235 /* Build configuration list for PBXNativeTarget "project1Tests" */ = {
			isa = XCConfigurationList;
			buildConfigurations = (
				D4F70F65226198DD001EC235 /* Debug */,
				D4F70F66226198DD001EC235 /* Release */,
			);
			defaultConfigurationIsVisible = 0;
			defaultConfigurationName = Release;
		};
		D4F70F67226198DD001EC235 /* Build configuration list for PBXNativeTarget "project1UITests" */ = {
			isa = XCConfigurationList;
			buildConfigurations = (
				D4F70F68226198DD001EC235 /* Debug */,
				D4F70F69226198DD001EC235 /* Release */,
			);
			defaultConfigurationIsVisible = 0;
			defaultConfigurationName = Release;
		};
/* End XCConfigurationList section */
	};
	rootObject = D4F70F31226198DC001EC235 /* Project object */;
}
